
Microsoft Visual Studio Solution File, Format Version 12.00
# Visual Studio Version 17
VisualStudioVersion = 17.3.32929.385
MinimumVisualStudioVersion = 10.0.40219.1
Project("{FAE04EC0-301F-11D3-BF4B-00C04F79EFBC}") = "GistNet", "GistNet\GistNet.csproj", "{C565B10C-9EEA-4843-A95E-FCF9B5B15DAA}"
EndProject
Global
	GlobalSection(SolutionConfigurationPlatforms) = preSolution
		Debug|Any CPU = Debug|Any CPU
		Release|Any CPU = Release|Any CPU
	EndGlobalSection
	GlobalSection(ProjectConfigurationPlatforms) = postSolution
		{C565B10C-9EEA-4843-A95E-FCF9B5B15DAA}.Debug|Any CPU.ActiveCfg = Debug|Any CPU
		{C565B10C-9EEA-4843-A95E-FCF9B5B15DAA}.Debug|Any CPU.Build.0 = Debug|Any CPU
		{C565B10C-9EEA-4843-A95E-FCF9B5B15DAA}.Release|Any CPU.ActiveCfg = Release|Any CPU
		{C565B10C-9EEA-4843-A95E-FCF9B5B15DAA}.Release|Any CPU.Build.0 = Release|Any CPU
	EndGlobalSection
	GlobalSection(SolutionProperties) = preSolution
		HideSolutionNode = FALSE
	EndGlobalSection
	GlobalSection(ExtensibilityGlobals) = postSolution
		SolutionGuid = {539F6E5B-2BEA-4432-B43F-7747FA99E45E}
	EndGlobalSection
EndGlobal
